
Microsoft Visual Studio Solution File, Format Version 12.00
# Visual Studio Version 17
VisualStudioVersion = 17.4.33205.214
MinimumVisualStudioVersion = 10.0.40219.1
Project("{8BC9CEB8-8B4A-11D0-8D11-00A0C91BC942}") = "afterschool_01", "afterschool_01\afterschool_01.vcxproj", "{6DFCA813-3919-4AA4-BF19-71BB943EA6B3}"
EndProject
Project("{8BC9CEB8-8B4A-11D0-8D11-00A0C91BC942}") = "Moonbub", "Moonbub\Moonbub.vcxproj", "{4947F76E-624C-495F-B008-2C5448E668F1}"
EndProject
Global
	GlobalSection(SolutionConfigurationPlatforms) = preSolution
		Debug|x64 = Debug|x64
		Debug|x86 = Debug|x86
		Release|x64 = Release|x64
		Release|x86 = Release|x86
	EndGlobalSection
	GlobalSection(ProjectConfigurationPlatforms) = postSolution
		{6DFCA813-3919-4AA4-BF19-71BB943EA6B3}.Debug|x64.ActiveCfg = Debug|x64
		{6DFCA813-3919-4AA4-BF19-71BB943EA6B3}.Debug|x64.Build.0 = Debug|x64
		{6DFCA813-3919-4AA4-BF19-71BB943EA6B3}.Debug|x86.ActiveCfg = Debug|Win32
		{6DFCA813-3919-4AA4-BF19-71BB943EA6B3}.Debug|x86.Build.0 = Debug|Win32
		{6DFCA813-3919-4AA4-BF19-71BB943EA6B3}.Release|x64.ActiveCfg = Release|x64
		{6DFCA813-3919-4AA4-BF19-71BB943EA6B3}.Release|x64.Build.0 = Release|x64
		{6DFCA813-3919-4AA4-BF19-71BB943EA6B3}.Release|x86.ActiveCfg = Release|Win32
		{6DFCA813-3919-4AA4-BF19-71BB943EA6B3}.Release|x86.Build.0 = Release|Win32
		{4947F76E-624C-495F-B008-2C5448E668F1}.Debug|x64.ActiveCfg = Debug|x64
		{4947F76E-624C-495F-B008-2C5448E668F1}.Debug|x64.Build.0 = Debug|x64
		{4947F76E-624C-495F-B008-2C5448E668F1}.Debug|x86.ActiveCfg = Debug|Win32
		{4947F76E-624C-495F-B008-2C5448E668F1}.Debug|x86.Build.0 = Debug|Win32
		{4947F76E-624C-495F-B008-2C5448E668F1}.Release|x64.ActiveCfg = Release|x64
		{4947F76E-624C-495F-B008-2C5448E668F1}.Release|x64.Build.0 = Release|x64
		{4947F76E-624C-495F-B008-2C5448E668F1}.Release|x86.ActiveCfg = Release|Win32
		{4947F76E-624C-495F-B008-2C5448E668F1}.Release|x86.Build.0 = Release|Win32
	EndGlobalSection
	GlobalSection(SolutionProperties) = preSolution
		HideSolutionNode = FALSE
	EndGlobalSection
	GlobalSection(ExtensibilityGlobals) = postSolution
		SolutionGuid = {EB2CCF42-2027-4C0A-98A4-DEC4AAE3B7AB}
	EndGlobalSection
EndGlobal
